
Microsoft Visual Studio Solution File, Format Version 12.00
# Visual Studio Version 16
VisualStudioVersion = 16.0.32428.217
MinimumVisualStudioVersion = 10.0.40219.1
Project("{FAE04EC0-301F-11D3-BF4B-00C04F79EFBC}") = "410954556期末", "410954556期末\410954556期末.csproj", "{CA695314-AAFE-4443-A153-CA88B2A0316E}"
EndProject
Global
	GlobalSection(SolutionConfigurationPlatforms) = preSolution
		Debug|Any CPU = Debug|Any CPU
		Release|Any CPU = Release|Any CPU
	EndGlobalSection
	GlobalSection(ProjectConfigurationPlatforms) = postSolution
		{CA695314-AAFE-4443-A153-CA88B2A0316E}.Debug|Any CPU.ActiveCfg = Debug|Any CPU
		{CA695314-AAFE-4443-A153-CA88B2A0316E}.Debug|Any CPU.Build.0 = Debug|Any CPU
		{CA695314-AAFE-4443-A153-CA88B2A0316E}.Release|Any CPU.ActiveCfg = Release|Any CPU
		{CA695314-AAFE-4443-A153-CA88B2A0316E}.Release|Any CPU.Build.0 = Release|Any CPU
	EndGlobalSection
	GlobalSection(SolutionProperties) = preSolution
		HideSolutionNode = FALSE
	EndGlobalSection
	GlobalSection(ExtensibilityGlobals) = postSolution
		SolutionGuid = {33A996BE-0B76-4484-BB1E-8547E7DE9603}
	EndGlobalSection
EndGlobal
